name: Update Discord clock

on:
  workflow_dispatch:
  schedule:
    - cron: '*/5 * * * *'

jobs:
  update:
    runs-on: ubuntu-latest
    steps:
      - uses: actions/checkout@v4
      - uses: actions/setup-python@v5
        with:
          python-version: '3.12'
      - run: pip install requests
      - name: Run clock script
        env:
          DISCORD_BOT_TOKEN: ${{ secrets.DISCORD_BOT_TOKEN }}
          DISCORD_CHANNEL_ID: ${{ secrets.DISCORD_CHANNEL_ID }}
          DISCORD_GUILD_ID: ${{ secrets.DISCORD_GUILD_ID }}
          DISCORD_MESSAGE_ID: ${{ secrets.DISCORD_MESSAGE_ID }}
          GITHUB_API_TOKEN: ${{ secrets.GITHUB_TOKEN }}
        run: python update.py
