name: Update Discord clock

on:
  workflow_dispatch:    # lets you run it manually with a button
   schedule:
    - cron: '*/2 * * * *' 

jobs:
  update:
    runs-on: ubuntu-latest
    steps:
      - uses: actions/checkout@v4
      - uses: actions/setup-python@v5
        with:
          python-version: '3.12'
      - run: pip install requests
      - env:
          DISCORD_WEBHOOK_URL: ${{ secrets.DISCORD_WEBHOOK_URL }}
          DISCORD_MESSAGE_ID: ${{ secrets.DISCORD_MESSAGE_ID }}
        run: python update.py
